
Microsoft Visual Studio Solution File, Format Version 12.00
# Visual Studio Version 16
VisualStudioVersion = 16.0.31613.86
MinimumVisualStudioVersion = 10.0.40219.1
Project("{9A19103F-16F7-4668-BE54-9A1E7A4F7556}") = "Sparky", "Sparky\Sparky.csproj", "{1A522792-FE14-4A51-9A0B-901E847B44D5}"
EndProject
Project("{9A19103F-16F7-4668-BE54-9A1E7A4F7556}") = "SparkyMSTest", "SparkyMSTest\SparkyMSTest.csproj", "{6ECE334E-04D1-4AD0-AA66-0A14C5944F30}"
EndProject
Project("{9A19103F-16F7-4668-BE54-9A1E7A4F7556}") = "SparkyNUnitTest", "SparkyNUnitTest\SparkyNUnitTest.csproj", "{645284CF-EB93-4DE5-A0A3-85F5C1BD9829}"
EndProject
Project("{FAE04EC0-301F-11D3-BF4B-00C04F79EFBC}") = "SparkyXUnit", "SparkyXUnit\SparkyXUnit.csproj", "{19CDF10D-FBB5-4ABE-AB75-3271608D9113}"
EndProject
Project("{2150E333-8FDC-42A3-9474-1A3956D46DE8}") = "Basic Foundation", "Basic Foundation", "{F9B987D4-7208-4C13-BEB6-954E6BA840BC}"
EndProject
Project("{2150E333-8FDC-42A3-9474-1A3956D46DE8}") = "BongoWeb", "BongoWeb", "{A976FF25-1646-4EDF-9AE2-08B23FC32BF5}"
EndProject
Project("{9A19103F-16F7-4668-BE54-9A1E7A4F7556}") = "Bongo.Core", "Bongo_InitialSetup (.NET 5)\Bongo.Core\Bongo.Core.csproj", "{93AAAF41-CCC6-49A8-8011-3F32A3806096}"
EndProject
Project("{9A19103F-16F7-4668-BE54-9A1E7A4F7556}") = "Bongo.DataAccess", "Bongo_InitialSetup (.NET 5)\Bongo.DataAccess\Bongo.DataAccess.csproj", "{AD66DD8C-7E5D-4BD2-AE05-F8BF6988A6AC}"
EndProject
Project("{9A19103F-16F7-4668-BE54-9A1E7A4F7556}") = "Bongo.Models", "Bongo_InitialSetup (.NET 5)\Bongo.Models\Bongo.Models.csproj", "{55EFA1E1-1963-4A82-9064-D11227C7C247}"
EndProject
Project("{9A19103F-16F7-4668-BE54-9A1E7A4F7556}") = "Bongo.Web", "Bongo_InitialSetup (.NET 5)\Bongo.Web\Bongo.Web.csproj", "{815FADCE-01AD-4DA8-B0A5-7D34EA7FBE33}"
EndProject
Project("{FAE04EC0-301F-11D3-BF4B-00C04F79EFBC}") = "Bongo.Models.Tests", "Bongo.Models.Tests\Bongo.Models.Tests.csproj", "{DB835E05-0493-45A3-A911-4B378FDEB046}"
EndProject
Project("{FAE04EC0-301F-11D3-BF4B-00C04F79EFBC}") = "Bongo.DataAccess.Tests", "Bongo.DataAccess.Tests\Bongo.DataAccess.Tests.csproj", "{DC591FEA-05ED-4B2B-AC02-8E7AFE63C334}"
EndProject
Project("{FAE04EC0-301F-11D3-BF4B-00C04F79EFBC}") = "Bongo.Core.Tests", "Bongo.Core.Tests\Bongo.Core.Tests.csproj", "{0E21E40E-CFDF-4FDD-8B22-5CCC931E08DF}"
EndProject
Project("{FAE04EC0-301F-11D3-BF4B-00C04F79EFBC}") = "Bongo.Web.Tests", "Bongo.Web.Tests\Bongo.Web.Tests.csproj", "{FB229B29-D067-488B-A90E-D266B1D8D46F}"
EndProject
Global
	GlobalSection(SolutionConfigurationPlatforms) = preSolution
		Debug|Any CPU = Debug|Any CPU
		Release|Any CPU = Release|Any CPU
	EndGlobalSection
	GlobalSection(ProjectConfigurationPlatforms) = postSolution
		{1A522792-FE14-4A51-9A0B-901E847B44D5}.Debug|Any CPU.ActiveCfg = Debug|Any CPU
		{1A522792-FE14-4A51-9A0B-901E847B44D5}.Debug|Any CPU.Build.0 = Debug|Any CPU
		{1A522792-FE14-4A51-9A0B-901E847B44D5}.Release|Any CPU.ActiveCfg = Release|Any CPU
		{1A522792-FE14-4A51-9A0B-901E847B44D5}.Release|Any CPU.Build.0 = Release|Any CPU
		{6ECE334E-04D1-4AD0-AA66-0A14C5944F30}.Debug|Any CPU.ActiveCfg = Debug|Any CPU
		{6ECE334E-04D1-4AD0-AA66-0A14C5944F30}.Debug|Any CPU.Build.0 = Debug|Any CPU
		{6ECE334E-04D1-4AD0-AA66-0A14C5944F30}.Release|Any CPU.ActiveCfg = Release|Any CPU
		{6ECE334E-04D1-4AD0-AA66-0A14C5944F30}.Release|Any CPU.Build.0 = Release|Any CPU
		{645284CF-EB93-4DE5-A0A3-85F5C1BD9829}.Debug|Any CPU.ActiveCfg = Debug|Any CPU
		{645284CF-EB93-4DE5-A0A3-85F5C1BD9829}.Debug|Any CPU.Build.0 = Debug|Any CPU
		{645284CF-EB93-4DE5-A0A3-85F5C1BD9829}.Release|Any CPU.ActiveCfg = Release|Any CPU
		{645284CF-EB93-4DE5-A0A3-85F5C1BD9829}.Release|Any CPU.Build.0 = Release|Any CPU
		{19CDF10D-FBB5-4ABE-AB75-3271608D9113}.Debug|Any CPU.ActiveCfg = Debug|Any CPU
		{19CDF10D-FBB5-4ABE-AB75-3271608D9113}.Debug|Any CPU.Build.0 = Debug|Any CPU
		{19CDF10D-FBB5-4ABE-AB75-3271608D9113}.Release|Any CPU.ActiveCfg = Release|Any CPU
		{19CDF10D-FBB5-4ABE-AB75-3271608D9113}.Release|Any CPU.Build.0 = Release|Any CPU
		{93AAAF41-CCC6-49A8-8011-3F32A3806096}.Debug|Any CPU.ActiveCfg = Debug|Any CPU
		{93AAAF41-CCC6-49A8-8011-3F32A3806096}.Debug|Any CPU.Build.0 = Debug|Any CPU
		{93AAAF41-CCC6-49A8-8011-3F32A3806096}.Release|Any CPU.ActiveCfg = Release|Any CPU
		{93AAAF41-CCC6-49A8-8011-3F32A3806096}.Release|Any CPU.Build.0 = Release|Any CPU
		{AD66DD8C-7E5D-4BD2-AE05-F8BF6988A6AC}.Debug|Any CPU.ActiveCfg = Debug|Any CPU
		{AD66DD8C-7E5D-4BD2-AE05-F8BF6988A6AC}.Debug|Any CPU.Build.0 = Debug|Any CPU
		{AD66DD8C-7E5D-4BD2-AE05-F8BF6988A6AC}.Release|Any CPU.ActiveCfg = Release|Any CPU
		{AD66DD8C-7E5D-4BD2-AE05-F8BF6988A6AC}.Release|Any CPU.Build.0 = Release|Any CPU
		{55EFA1E1-1963-4A82-9064-D11227C7C247}.Debug|Any CPU.ActiveCfg = Debug|Any CPU
		{55EFA1E1-1963-4A82-9064-D11227C7C247}.Debug|Any CPU.Build.0 = Debug|Any CPU
		{55EFA1E1-1963-4A82-9064-D11227C7C247}.Release|Any CPU.ActiveCfg = Release|Any CPU
		{55EFA1E1-1963-4A82-9064-D11227C7C247}.Release|Any CPU.Build.0 = Release|Any CPU
		{815FADCE-01AD-4DA8-B0A5-7D34EA7FBE33}.Debug|Any CPU.ActiveCfg = Debug|Any CPU
		{815FADCE-01AD-4DA8-B0A5-7D34EA7FBE33}.Debug|Any CPU.Build.0 = Debug|Any CPU
		{815FADCE-01AD-4DA8-B0A5-7D34EA7FBE33}.Release|Any CPU.ActiveCfg = Release|Any CPU
		{815FADCE-01AD-4DA8-B0A5-7D34EA7FBE33}.Release|Any CPU.Build.0 = Release|Any CPU
		{DB835E05-0493-45A3-A911-4B378FDEB046}.Debug|Any CPU.ActiveCfg = Debug|Any CPU
		{DB835E05-0493-45A3-A911-4B378FDEB046}.Debug|Any CPU.Build.0 = Debug|Any CPU
		{DB835E05-0493-45A3-A911-4B378FDEB046}.Release|Any CPU.ActiveCfg = Release|Any CPU
		{DB835E05-0493-45A3-A911-4B378FDEB046}.Release|Any CPU.Build.0 = Release|Any CPU
		{DC591FEA-05ED-4B2B-AC02-8E7AFE63C334}.Debug|Any CPU.ActiveCfg = Debug|Any CPU
		{DC591FEA-05ED-4B2B-AC02-8E7AFE63C334}.Debug|Any CPU.Build.0 = Debug|Any CPU
		{DC591FEA-05ED-4B2B-AC02-8E7AFE63C334}.Release|Any CPU.ActiveCfg = Release|Any CPU
		{DC591FEA-05ED-4B2B-AC02-8E7AFE63C334}.Release|Any CPU.Build.0 = Release|Any CPU
		{0E21E40E-CFDF-4FDD-8B22-5CCC931E08DF}.Debug|Any CPU.ActiveCfg = Debug|Any CPU
		{0E21E40E-CFDF-4FDD-8B22-5CCC931E08DF}.Debug|Any CPU.Build.0 = Debug|Any CPU
		{0E21E40E-CFDF-4FDD-8B22-5CCC931E08DF}.Release|Any CPU.ActiveCfg = Release|Any CPU
		{0E21E40E-CFDF-4FDD-8B22-5CCC931E08DF}.Release|Any CPU.Build.0 = Release|Any CPU
		{FB229B29-D067-488B-A90E-D266B1D8D46F}.Debug|Any CPU.ActiveCfg = Debug|Any CPU
		{FB229B29-D067-488B-A90E-D266B1D8D46F}.Debug|Any CPU.Build.0 = Debug|Any CPU
		{FB229B29-D067-488B-A90E-D266B1D8D46F}.Release|Any CPU.ActiveCfg = Release|Any CPU
		{FB229B29-D067-488B-A90E-D266B1D8D46F}.Release|Any CPU.Build.0 = Release|Any CPU
	EndGlobalSection
	GlobalSection(SolutionProperties) = preSolution
		HideSolutionNode = FALSE
	EndGlobalSection
	GlobalSection(NestedProjects) = preSolution
		{1A522792-FE14-4A51-9A0B-901E847B44D5} = {F9B987D4-7208-4C13-BEB6-954E6BA840BC}
		{6ECE334E-04D1-4AD0-AA66-0A14C5944F30} = {F9B987D4-7208-4C13-BEB6-954E6BA840BC}
		{645284CF-EB93-4DE5-A0A3-85F5C1BD9829} = {F9B987D4-7208-4C13-BEB6-954E6BA840BC}
		{19CDF10D-FBB5-4ABE-AB75-3271608D9113} = {F9B987D4-7208-4C13-BEB6-954E6BA840BC}
		{93AAAF41-CCC6-49A8-8011-3F32A3806096} = {A976FF25-1646-4EDF-9AE2-08B23FC32BF5}
		{AD66DD8C-7E5D-4BD2-AE05-F8BF6988A6AC} = {A976FF25-1646-4EDF-9AE2-08B23FC32BF5}
		{55EFA1E1-1963-4A82-9064-D11227C7C247} = {A976FF25-1646-4EDF-9AE2-08B23FC32BF5}
		{815FADCE-01AD-4DA8-B0A5-7D34EA7FBE33} = {A976FF25-1646-4EDF-9AE2-08B23FC32BF5}
		{DB835E05-0493-45A3-A911-4B378FDEB046} = {A976FF25-1646-4EDF-9AE2-08B23FC32BF5}
		{DC591FEA-05ED-4B2B-AC02-8E7AFE63C334} = {A976FF25-1646-4EDF-9AE2-08B23FC32BF5}
		{0E21E40E-CFDF-4FDD-8B22-5CCC931E08DF} = {A976FF25-1646-4EDF-9AE2-08B23FC32BF5}
		{FB229B29-D067-488B-A90E-D266B1D8D46F} = {A976FF25-1646-4EDF-9AE2-08B23FC32BF5}
	EndGlobalSection
	GlobalSection(ExtensibilityGlobals) = postSolution
		SolutionGuid = {94F0F85E-3434-4BE3-889C-0A6D6A7D144D}
	EndGlobalSection
EndGlobal
